
Microsoft Visual Studio Solution File, Format Version 12.00
Project("{FAE04EC0-301F-11D3-BF4B-00C04F79EFBC}") = "Authentication.Api", "Authentication.Api\Authentication.Api.csproj", "{DD33579E-4D84-4C76-8135-07559C4C4653}"
EndProject
Project("{FAE04EC0-301F-11D3-BF4B-00C04F79EFBC}") = "Authentication.Domain", "Authentication.Domain\Authentication.Domain.csproj", "{EFC50263-DB60-454E-9262-3B23EE9F2B60}"
EndProject
Project("{FAE04EC0-301F-11D3-BF4B-00C04F79EFBC}") = "Authentication.Infrastructure", "Authentication.Infrastructure\Authentication.Infrastructure.csproj", "{3095D039-A136-4173-9AD8-E9C0414E2A5F}"
EndProject
Project("{FAE04EC0-301F-11D3-BF4B-00C04F79EFBC}") = "Authentication.Application", "Authentication.Application\Authentication.Application.csproj", "{B1EA27DA-8E9A-4833-B539-D2004B0CBEA3}"
EndProject
Project("{2150E333-8FDC-42A3-9474-1A3956D46DE8}") = "Service", "Service", "{8AAC4126-31E0-4641-9F0A-61B0F498A5FE}"
EndProject
Project("{2150E333-8FDC-42A3-9474-1A3956D46DE8}") = "Core", "Core", "{9A675571-96BB-4FA2-BD52-9EB413B550DE}"
EndProject
Project("{2150E333-8FDC-42A3-9474-1A3956D46DE8}") = "Tests", "Tests", "{2A4669C1-9C87-4991-B1BD-899DFF419704}"
EndProject
Project("{FAE04EC0-301F-11D3-BF4B-00C04F79EFBC}") = "Core.Application.Abstractions", "..\Core\Core.Application.Abstractions\Core.Application.Abstractions.csproj", "{4BB7E45F-544E-4261-9814-E7D93669BCF0}"
EndProject
Project("{FAE04EC0-301F-11D3-BF4B-00C04F79EFBC}") = "Core.Domain.Abstractions", "..\Core\Core.Domain.Abstractions\Core.Domain.Abstractions.csproj", "{5595AEBD-58E8-408D-9C18-352E9DB843E0}"
EndProject
Project("{FAE04EC0-301F-11D3-BF4B-00C04F79EFBC}") = "Core.Infrastructure", "..\Core\Core.Infrastructure\Core.Infrastructure.csproj", "{2D3F66BA-9D02-4D5B-9414-604C29C17887}"
EndProject
Project("{FAE04EC0-301F-11D3-BF4B-00C04F79EFBC}") = "Core.Utilities", "..\Core\Core.Utilities\Core.Utilities.csproj", "{0438CF33-67D4-4D72-81C7-661F9FFC8640}"
EndProject
Project("{FAE04EC0-301F-11D3-BF4B-00C04F79EFBC}") = "Authentication.UnitTests", "Authentication.UnitTests\Authentication.UnitTests.csproj", "{59C82006-6E11-4D3D-9222-C54B1C32ED98}"
EndProject
Global
	GlobalSection(SolutionConfigurationPlatforms) = preSolution
		Debug|Any CPU = Debug|Any CPU
		Release|Any CPU = Release|Any CPU
	EndGlobalSection
	GlobalSection(ProjectConfigurationPlatforms) = postSolution
		{DD33579E-4D84-4C76-8135-07559C4C4653}.Debug|Any CPU.ActiveCfg = Debug|Any CPU
		{DD33579E-4D84-4C76-8135-07559C4C4653}.Debug|Any CPU.Build.0 = Debug|Any CPU
		{DD33579E-4D84-4C76-8135-07559C4C4653}.Release|Any CPU.ActiveCfg = Release|Any CPU
		{DD33579E-4D84-4C76-8135-07559C4C4653}.Release|Any CPU.Build.0 = Release|Any CPU
		{EFC50263-DB60-454E-9262-3B23EE9F2B60}.Debug|Any CPU.ActiveCfg = Debug|Any CPU
		{EFC50263-DB60-454E-9262-3B23EE9F2B60}.Debug|Any CPU.Build.0 = Debug|Any CPU
		{EFC50263-DB60-454E-9262-3B23EE9F2B60}.Release|Any CPU.ActiveCfg = Release|Any CPU
		{EFC50263-DB60-454E-9262-3B23EE9F2B60}.Release|Any CPU.Build.0 = Release|Any CPU
		{3095D039-A136-4173-9AD8-E9C0414E2A5F}.Debug|Any CPU.ActiveCfg = Debug|Any CPU
		{3095D039-A136-4173-9AD8-E9C0414E2A5F}.Debug|Any CPU.Build.0 = Debug|Any CPU
		{3095D039-A136-4173-9AD8-E9C0414E2A5F}.Release|Any CPU.ActiveCfg = Release|Any CPU
		{3095D039-A136-4173-9AD8-E9C0414E2A5F}.Release|Any CPU.Build.0 = Release|Any CPU
		{B1EA27DA-8E9A-4833-B539-D2004B0CBEA3}.Debug|Any CPU.ActiveCfg = Debug|Any CPU
		{B1EA27DA-8E9A-4833-B539-D2004B0CBEA3}.Debug|Any CPU.Build.0 = Debug|Any CPU
		{B1EA27DA-8E9A-4833-B539-D2004B0CBEA3}.Release|Any CPU.ActiveCfg = Release|Any CPU
		{B1EA27DA-8E9A-4833-B539-D2004B0CBEA3}.Release|Any CPU.Build.0 = Release|Any CPU
		{4BB7E45F-544E-4261-9814-E7D93669BCF0}.Debug|Any CPU.ActiveCfg = Debug|Any CPU
		{4BB7E45F-544E-4261-9814-E7D93669BCF0}.Debug|Any CPU.Build.0 = Debug|Any CPU
		{4BB7E45F-544E-4261-9814-E7D93669BCF0}.Release|Any CPU.ActiveCfg = Release|Any CPU
		{4BB7E45F-544E-4261-9814-E7D93669BCF0}.Release|Any CPU.Build.0 = Release|Any CPU
		{5595AEBD-58E8-408D-9C18-352E9DB843E0}.Debug|Any CPU.ActiveCfg = Debug|Any CPU
		{5595AEBD-58E8-408D-9C18-352E9DB843E0}.Debug|Any CPU.Build.0 = Debug|Any CPU
		{5595AEBD-58E8-408D-9C18-352E9DB843E0}.Release|Any CPU.ActiveCfg = Release|Any CPU
		{5595AEBD-58E8-408D-9C18-352E9DB843E0}.Release|Any CPU.Build.0 = Release|Any CPU
		{2D3F66BA-9D02-4D5B-9414-604C29C17887}.Debug|Any CPU.ActiveCfg = Debug|Any CPU
		{2D3F66BA-9D02-4D5B-9414-604C29C17887}.Debug|Any CPU.Build.0 = Debug|Any CPU
		{2D3F66BA-9D02-4D5B-9414-604C29C17887}.Release|Any CPU.ActiveCfg = Release|Any CPU
		{2D3F66BA-9D02-4D5B-9414-604C29C17887}.Release|Any CPU.Build.0 = Release|Any CPU
		{0438CF33-67D4-4D72-81C7-661F9FFC8640}.Debug|Any CPU.ActiveCfg = Debug|Any CPU
		{0438CF33-67D4-4D72-81C7-661F9FFC8640}.Debug|Any CPU.Build.0 = Debug|Any CPU
		{0438CF33-67D4-4D72-81C7-661F9FFC8640}.Release|Any CPU.ActiveCfg = Release|Any CPU
		{0438CF33-67D4-4D72-81C7-661F9FFC8640}.Release|Any CPU.Build.0 = Release|Any CPU
		{59C82006-6E11-4D3D-9222-C54B1C32ED98}.Debug|Any CPU.ActiveCfg = Debug|Any CPU
		{59C82006-6E11-4D3D-9222-C54B1C32ED98}.Debug|Any CPU.Build.0 = Debug|Any CPU
		{59C82006-6E11-4D3D-9222-C54B1C32ED98}.Release|Any CPU.ActiveCfg = Release|Any CPU
		{59C82006-6E11-4D3D-9222-C54B1C32ED98}.Release|Any CPU.Build.0 = Release|Any CPU
	EndGlobalSection
	GlobalSection(NestedProjects) = preSolution
		{DD33579E-4D84-4C76-8135-07559C4C4653} = {8AAC4126-31E0-4641-9F0A-61B0F498A5FE}
		{B1EA27DA-8E9A-4833-B539-D2004B0CBEA3} = {8AAC4126-31E0-4641-9F0A-61B0F498A5FE}
		{EFC50263-DB60-454E-9262-3B23EE9F2B60} = {8AAC4126-31E0-4641-9F0A-61B0F498A5FE}
		{3095D039-A136-4173-9AD8-E9C0414E2A5F} = {8AAC4126-31E0-4641-9F0A-61B0F498A5FE}
		{4BB7E45F-544E-4261-9814-E7D93669BCF0} = {9A675571-96BB-4FA2-BD52-9EB413B550DE}
		{5595AEBD-58E8-408D-9C18-352E9DB843E0} = {9A675571-96BB-4FA2-BD52-9EB413B550DE}
		{2D3F66BA-9D02-4D5B-9414-604C29C17887} = {9A675571-96BB-4FA2-BD52-9EB413B550DE}
		{0438CF33-67D4-4D72-81C7-661F9FFC8640} = {9A675571-96BB-4FA2-BD52-9EB413B550DE}
		{59C82006-6E11-4D3D-9222-C54B1C32ED98} = {2A4669C1-9C87-4991-B1BD-899DFF419704}
	EndGlobalSection
EndGlobal
