
Microsoft Visual Studio Solution File, Format Version 12.00
Project("{FAE04EC0-301F-11D3-BF4B-00C04F79EFBC}") = "User.Api", "User.Api\User.Api.csproj", "{DD33579E-4D84-4C76-8135-07559C4C4653}"
EndProject
Project("{FAE04EC0-301F-11D3-BF4B-00C04F79EFBC}") = "User.Domain", "User.Domain\User.Domain.csproj", "{EFC50263-DB60-454E-9262-3B23EE9F2B60}"
EndProject
Project("{FAE04EC0-301F-11D3-BF4B-00C04F79EFBC}") = "User.Infrastructure", "User.Infrastructure\User.Infrastructure.csproj", "{3095D039-A136-4173-9AD8-E9C0414E2A5F}"
EndProject
Project("{FAE04EC0-301F-11D3-BF4B-00C04F79EFBC}") = "User.Application", "User.Application\User.Application.csproj", "{B1EA27DA-8E9A-4833-B539-D2004B0CBEA3}"
EndProject
Project("{2150E333-8FDC-42A3-9474-1A3956D46DE8}") = "Tests", "Tests", "{2A4669C1-9C87-4991-B1BD-899DFF419704}"
EndProject
Project("{FAE04EC0-301F-11D3-BF4B-00C04F79EFBC}") = "User.UnitTests", "User.UnitTests\User.UnitTests.csproj", "{59C82006-6E11-4D3D-9222-C54B1C32ED98}"
EndProject
Global
	GlobalSection(SolutionConfigurationPlatforms) = preSolution
		Debug|Any CPU = Debug|Any CPU
		Release|Any CPU = Release|Any CPU
	EndGlobalSection
	GlobalSection(ProjectConfigurationPlatforms) = postSolution
		{DD33579E-4D84-4C76-8135-07559C4C4653}.Debug|Any CPU.ActiveCfg = Debug|Any CPU
		{DD33579E-4D84-4C76-8135-07559C4C4653}.Debug|Any CPU.Build.0 = Debug|Any CPU
		{DD33579E-4D84-4C76-8135-07559C4C4653}.Release|Any CPU.ActiveCfg = Release|Any CPU
		{DD33579E-4D84-4C76-8135-07559C4C4653}.Release|Any CPU.Build.0 = Release|Any CPU
		{EFC50263-DB60-454E-9262-3B23EE9F2B60}.Debug|Any CPU.ActiveCfg = Debug|Any CPU
		{EFC50263-DB60-454E-9262-3B23EE9F2B60}.Debug|Any CPU.Build.0 = Debug|Any CPU
		{EFC50263-DB60-454E-9262-3B23EE9F2B60}.Release|Any CPU.ActiveCfg = Release|Any CPU
		{EFC50263-DB60-454E-9262-3B23EE9F2B60}.Release|Any CPU.Build.0 = Release|Any CPU
		{3095D039-A136-4173-9AD8-E9C0414E2A5F}.Debug|Any CPU.ActiveCfg = Debug|Any CPU
		{3095D039-A136-4173-9AD8-E9C0414E2A5F}.Debug|Any CPU.Build.0 = Debug|Any CPU
		{3095D039-A136-4173-9AD8-E9C0414E2A5F}.Release|Any CPU.ActiveCfg = Release|Any CPU
		{3095D039-A136-4173-9AD8-E9C0414E2A5F}.Release|Any CPU.Build.0 = Release|Any CPU
		{B1EA27DA-8E9A-4833-B539-D2004B0CBEA3}.Debug|Any CPU.ActiveCfg = Debug|Any CPU
		{B1EA27DA-8E9A-4833-B539-D2004B0CBEA3}.Debug|Any CPU.Build.0 = Debug|Any CPU
		{B1EA27DA-8E9A-4833-B539-D2004B0CBEA3}.Release|Any CPU.ActiveCfg = Release|Any CPU
		{B1EA27DA-8E9A-4833-B539-D2004B0CBEA3}.Release|Any CPU.Build.0 = Release|Any CPU
		{59C82006-6E11-4D3D-9222-C54B1C32ED98}.Debug|Any CPU.ActiveCfg = Debug|Any CPU
		{59C82006-6E11-4D3D-9222-C54B1C32ED98}.Debug|Any CPU.Build.0 = Debug|Any CPU
		{59C82006-6E11-4D3D-9222-C54B1C32ED98}.Release|Any CPU.ActiveCfg = Release|Any CPU
		{59C82006-6E11-4D3D-9222-C54B1C32ED98}.Release|Any CPU.Build.0 = Release|Any CPU
	EndGlobalSection
	GlobalSection(NestedProjects) = preSolution
		{59C82006-6E11-4D3D-9222-C54B1C32ED98} = {2A4669C1-9C87-4991-B1BD-899DFF419704}
	EndGlobalSection
EndGlobal
